
Microsoft Visual Studio Solution File, Format Version 12.00
# Visual Studio Version 17
VisualStudioVersion = 17.8.34525.116
MinimumVisualStudioVersion = 10.0.40219.1
Project("{FAE04EC0-301F-11D3-BF4B-00C04F79EFBC}") = "crud_mvc", "crud_mvc\crud_mvc.csproj", "{9940F09E-EA8F-4AD9-BD69-D00B20DAD405}"
EndProject
Global
	GlobalSection(SolutionConfigurationPlatforms) = preSolution
		Debug|Any CPU = Debug|Any CPU
		Release|Any CPU = Release|Any CPU
	EndGlobalSection
	GlobalSection(ProjectConfigurationPlatforms) = postSolution
		{9940F09E-EA8F-4AD9-BD69-D00B20DAD405}.Debug|Any CPU.ActiveCfg = Debug|Any CPU
		{9940F09E-EA8F-4AD9-BD69-D00B20DAD405}.Debug|Any CPU.Build.0 = Debug|Any CPU
		{9940F09E-EA8F-4AD9-BD69-D00B20DAD405}.Release|Any CPU.ActiveCfg = Release|Any CPU
		{9940F09E-EA8F-4AD9-BD69-D00B20DAD405}.Release|Any CPU.Build.0 = Release|Any CPU
	EndGlobalSection
	GlobalSection(SolutionProperties) = preSolution
		HideSolutionNode = FALSE
	EndGlobalSection
	GlobalSection(ExtensibilityGlobals) = postSolution
		SolutionGuid = {A9924577-F47B-4ADD-8031-38B8D6E98BB5}
	EndGlobalSection
EndGlobal
